// !$*UTF8*$!
{
	archiveVersion = 1;
	classes = {
	};
	objectVersion = 56;
	objects = {

/* Begin PBXBuildFile section */
		6C1B76592C61B48B002253F7 /* EmailView.swift in Sources */ = {isa = PBXBuildFile; fileRef = 6C1B76582C61B48B002253F7 /* EmailView.swift */; };
		6C1B765B2C61B4FE002253F7 /* EmailViewViewModel.swift in Sources */ = {isa = PBXBuildFile; fileRef = 6C1B765A2C61B4FE002253F7 /* EmailViewViewModel.swift */; };
		6C1B765D2C61C529002253F7 /* TastePickerView.swift in Sources */ = {isa = PBXBuildFile; fileRef = 6C1B765C2C61C529002253F7 /* TastePickerView.swift */; };
		6C1B765F2C61C536002253F7 /* TastePickerViewViewModel.swift in Sources */ = {isa = PBXBuildFile; fileRef = 6C1B765E2C61C536002253F7 /* TastePickerViewViewModel.swift */; };
		6C1BC29D2C64976C00880B0E /* User.swift in Sources */ = {isa = PBXBuildFile; fileRef = 6C1BC29C2C64976C00880B0E /* User.swift */; };
		6C1F8BC72C6317C9009C317E /* SignUpCompleteView.swift in Sources */ = {isa = PBXBuildFile; fileRef = 6C1F8BC62C6317C9009C317E /* SignUpCompleteView.swift */; };
		6C1F8BC92C6317D7009C317E /* SignUpCompleateViewViewModel.swift in Sources */ = {isa = PBXBuildFile; fileRef = 6C1F8BC82C6317D7009C317E /* SignUpCompleateViewViewModel.swift */; };
		6C431FBB2C6E1586005538F4 /* HomeViewViewModel.swift in Sources */ = {isa = PBXBuildFile; fileRef = 6C431FBA2C6E1586005538F4 /* HomeViewViewModel.swift */; };
		6C44E59B2C72D60B00344F81 /* LibraryView.swift in Sources */ = {isa = PBXBuildFile; fileRef = 6C44E59A2C72D60B00344F81 /* LibraryView.swift */; };
		6C44E59D2C72D62500344F81 /* LibraryViewViewModel.swift in Sources */ = {isa = PBXBuildFile; fileRef = 6C44E59C2C72D62500344F81 /* LibraryViewViewModel.swift */; };
		6C44E59F2C72D64500344F81 /* RecordView.swift in Sources */ = {isa = PBXBuildFile; fileRef = 6C44E59E2C72D64500344F81 /* RecordView.swift */; };
		6C44E5A12C72D65700344F81 /* RecordViewViewModel.swift in Sources */ = {isa = PBXBuildFile; fileRef = 6C44E5A02C72D65700344F81 /* RecordViewViewModel.swift */; };
		6C44E5A32C72D66800344F81 /* OptionView.swift in Sources */ = {isa = PBXBuildFile; fileRef = 6C44E5A22C72D66800344F81 /* OptionView.swift */; };
		6C44E5A52C72D67900344F81 /* OptionViewViewModel.swift in Sources */ = {isa = PBXBuildFile; fileRef = 6C44E5A42C72D67900344F81 /* OptionViewViewModel.swift */; };
		6C5A291C2C60891500E0B8BC /* NickNameView.swift in Sources */ = {isa = PBXBuildFile; fileRef = 6C5A291B2C60891500E0B8BC /* NickNameView.swift */; };
		6C5A291E2C60892400E0B8BC /* NickNameViewViewModel.swift in Sources */ = {isa = PBXBuildFile; fileRef = 6C5A291D2C60892400E0B8BC /* NickNameViewViewModel.swift */; };
		6C5A29212C60AC5900E0B8BC /* Extensions.swift in Sources */ = {isa = PBXBuildFile; fileRef = 6C5A29202C60AC5900E0B8BC /* Extensions.swift */; };
		6C6E15222C69AEDE00A7D82E /* SearchEmailView.swift in Sources */ = {isa = PBXBuildFile; fileRef = 6C6E15212C69AEDE00A7D82E /* SearchEmailView.swift */; };
		6C6E15242C69AEFA00A7D82E /* SearchPasswordView.swift in Sources */ = {isa = PBXBuildFile; fileRef = 6C6E15232C69AEFA00A7D82E /* SearchPasswordView.swift */; };
		6C9E16E62C6AF25F00E65DDF /* GoogleService-Info.plist in Resources */ = {isa = PBXBuildFile; fileRef = 6C9E16E52C6AF25F00E65DDF /* GoogleService-Info.plist */; };
		6C9E16E92C6B1FCB00E65DDF /* FirebaseAuth in Frameworks */ = {isa = PBXBuildFile; productRef = 6C9E16E82C6B1FCB00E65DDF /* FirebaseAuth */; };
		6C9E16EB2C6B1FCB00E65DDF /* FirebaseFirestore in Frameworks */ = {isa = PBXBuildFile; productRef = 6C9E16EA2C6B1FCB00E65DDF /* FirebaseFirestore */; };
		6CA08A742C5C650000840BDA /* BookStoreStoryApp.swift in Sources */ = {isa = PBXBuildFile; fileRef = 6CA08A732C5C650000840BDA /* BookStoreStoryApp.swift */; };
		6CA08A762C5C650000840BDA /* MainView.swift in Sources */ = {isa = PBXBuildFile; fileRef = 6CA08A752C5C650000840BDA /* MainView.swift */; };
		6CA08A782C5C650100840BDA /* Assets.xcassets in Resources */ = {isa = PBXBuildFile; fileRef = 6CA08A772C5C650100840BDA /* Assets.xcassets */; };
		6CA08A7B2C5C650100840BDA /* Preview Assets.xcassets in Resources */ = {isa = PBXBuildFile; fileRef = 6CA08A7A2C5C650100840BDA /* Preview Assets.xcassets */; };
		6CBAE6DB2C65F162004956D1 /* HomeView.swift in Sources */ = {isa = PBXBuildFile; fileRef = 6CBAE6DA2C65F162004956D1 /* HomeView.swift */; };
		6CC4B6982C5C95240074934D /* MainViewViewModel.swift in Sources */ = {isa = PBXBuildFile; fileRef = 6CC4B6972C5C95240074934D /* MainViewViewModel.swift */; };
		6CC4B69A2C5C9DE70074934D /* LoginView.swift in Sources */ = {isa = PBXBuildFile; fileRef = 6CC4B6992C5C9DE70074934D /* LoginView.swift */; };
		6CC4B69C2C5C9DF60074934D /* LoginViewViewModel.swift in Sources */ = {isa = PBXBuildFile; fileRef = 6CC4B69B2C5C9DF60074934D /* LoginViewViewModel.swift */; };
/* End PBXBuildFile section */

/* Begin PBXFileReference section */
		6C1B76582C61B48B002253F7 /* EmailView.swift */ = {isa = PBXFileReference; lastKnownFileType = sourcecode.swift; path = EmailView.swift; sourceTree = "<group>"; };
		6C1B765A2C61B4FE002253F7 /* EmailViewViewModel.swift */ = {isa = PBXFileReference; lastKnownFileType = sourcecode.swift; path = EmailViewViewModel.swift; sourceTree = "<group>"; };
		6C1B765C2C61C529002253F7 /* TastePickerView.swift */ = {isa = PBXFileReference; lastKnownFileType = sourcecode.swift; path = TastePickerView.swift; sourceTree = "<group>"; };
		6C1B765E2C61C536002253F7 /* TastePickerViewViewModel.swift */ = {isa = PBXFileReference; lastKnownFileType = sourcecode.swift; path = TastePickerViewViewModel.swift; sourceTree = "<group>"; };
		6C1BC29C2C64976C00880B0E /* User.swift */ = {isa = PBXFileReference; lastKnownFileType = sourcecode.swift; path = User.swift; sourceTree = "<group>"; };
		6C1F8BC62C6317C9009C317E /* SignUpCompleteView.swift */ = {isa = PBXFileReference; lastKnownFileType = sourcecode.swift; path = SignUpCompleteView.swift; sourceTree = "<group>"; };
		6C1F8BC82C6317D7009C317E /* SignUpCompleateViewViewModel.swift */ = {isa = PBXFileReference; lastKnownFileType = sourcecode.swift; path = SignUpCompleateViewViewModel.swift; sourceTree = "<group>"; };
		6C431FBA2C6E1586005538F4 /* HomeViewViewModel.swift */ = {isa = PBXFileReference; lastKnownFileType = sourcecode.swift; path = HomeViewViewModel.swift; sourceTree = "<group>"; };
		6C44E59A2C72D60B00344F81 /* LibraryView.swift */ = {isa = PBXFileReference; lastKnownFileType = sourcecode.swift; path = LibraryView.swift; sourceTree = "<group>"; };
		6C44E59C2C72D62500344F81 /* LibraryViewViewModel.swift */ = {isa = PBXFileReference; lastKnownFileType = sourcecode.swift; path = LibraryViewViewModel.swift; sourceTree = "<group>"; };
		6C44E59E2C72D64500344F81 /* RecordView.swift */ = {isa = PBXFileReference; lastKnownFileType = sourcecode.swift; path = RecordView.swift; sourceTree = "<group>"; };
		6C44E5A02C72D65700344F81 /* RecordViewViewModel.swift */ = {isa = PBXFileReference; lastKnownFileType = sourcecode.swift; path = RecordViewViewModel.swift; sourceTree = "<group>"; };
		6C44E5A22C72D66800344F81 /* OptionView.swift */ = {isa = PBXFileReference; lastKnownFileType = sourcecode.swift; path = OptionView.swift; sourceTree = "<group>"; };
		6C44E5A42C72D67900344F81 /* OptionViewViewModel.swift */ = {isa = PBXFileReference; lastKnownFileType = sourcecode.swift; path = OptionViewViewModel.swift; sourceTree = "<group>"; };
		6C5A291B2C60891500E0B8BC /* NickNameView.swift */ = {isa = PBXFileReference; lastKnownFileType = sourcecode.swift; path = NickNameView.swift; sourceTree = "<group>"; };
		6C5A291D2C60892400E0B8BC /* NickNameViewViewModel.swift */ = {isa = PBXFileReference; lastKnownFileType = sourcecode.swift; path = NickNameViewViewModel.swift; sourceTree = "<group>"; };
		6C5A29202C60AC5900E0B8BC /* Extensions.swift */ = {isa = PBXFileReference; lastKnownFileType = sourcecode.swift; path = Extensions.swift; sourceTree = "<group>"; };
		6C6E15212C69AEDE00A7D82E /* SearchEmailView.swift */ = {isa = PBXFileReference; lastKnownFileType = sourcecode.swift; path = SearchEmailView.swift; sourceTree = "<group>"; };
		6C6E15232C69AEFA00A7D82E /* SearchPasswordView.swift */ = {isa = PBXFileReference; lastKnownFileType = sourcecode.swift; path = SearchPasswordView.swift; sourceTree = "<group>"; };
		6C9E16E52C6AF25F00E65DDF /* GoogleService-Info.plist */ = {isa = PBXFileReference; fileEncoding = 4; lastKnownFileType = text.plist.xml; path = "GoogleService-Info.plist"; sourceTree = "<group>"; };
		6CA08A702C5C650000840BDA /* BookStoreStory.app */ = {isa = PBXFileReference; explicitFileType = wrapper.application; includeInIndex = 0; path = BookStoreStory.app; sourceTree = BUILT_PRODUCTS_DIR; };
		6CA08A732C5C650000840BDA /* BookStoreStoryApp.swift */ = {isa = PBXFileReference; lastKnownFileType = sourcecode.swift; path = BookStoreStoryApp.swift; sourceTree = "<group>"; };
		6CA08A752C5C650000840BDA /* MainView.swift */ = {isa = PBXFileReference; lastKnownFileType = sourcecode.swift; path = MainView.swift; sourceTree = "<group>"; };
		6CA08A772C5C650100840BDA /* Assets.xcassets */ = {isa = PBXFileReference; lastKnownFileType = folder.assetcatalog; path = Assets.xcassets; sourceTree = "<group>"; };
		6CA08A7A2C5C650100840BDA /* Preview Assets.xcassets */ = {isa = PBXFileReference; lastKnownFileType = folder.assetcatalog; path = "Preview Assets.xcassets"; sourceTree = "<group>"; };
		6CBAE6DA2C65F162004956D1 /* HomeView.swift */ = {isa = PBXFileReference; lastKnownFileType = sourcecode.swift; path = HomeView.swift; sourceTree = "<group>"; };
		6CC4B6972C5C95240074934D /* MainViewViewModel.swift */ = {isa = PBXFileReference; lastKnownFileType = sourcecode.swift; path = MainViewViewModel.swift; sourceTree = "<group>"; };
		6CC4B6992C5C9DE70074934D /* LoginView.swift */ = {isa = PBXFileReference; lastKnownFileType = sourcecode.swift; path = LoginView.swift; sourceTree = "<group>"; };
		6CC4B69B2C5C9DF60074934D /* LoginViewViewModel.swift */ = {isa = PBXFileReference; lastKnownFileType = sourcecode.swift; path = LoginViewViewModel.swift; sourceTree = "<group>"; };
/* End PBXFileReference section */

/* Begin PBXFrameworksBuildPhase section */
		6CA08A6D2C5C650000840BDA /* Frameworks */ = {
			isa = PBXFrameworksBuildPhase;
			buildActionMask = 2147483647;
			files = (
				6C9E16E92C6B1FCB00E65DDF /* FirebaseAuth in Frameworks */,
				6C9E16EB2C6B1FCB00E65DDF /* FirebaseFirestore in Frameworks */,
			);
			runOnlyForDeploymentPostprocessing = 0;
		};
/* End PBXFrameworksBuildPhase section */

/* Begin PBXGroup section */
		6C1BC29B2C64975600880B0E /* Models */ = {
			isa = PBXGroup;
			children = (
				6C1BC29C2C64976C00880B0E /* User.swift */,
			);
			path = Models;
			sourceTree = "<group>";
		};
		6C44E5912C72D54900344F81 /* Library */ = {
			isa = PBXGroup;
			children = (
				6C44E5952C72D5C500344F81 /* View */,
				6C44E5942C72D5BD00344F81 /* ViewModel */,
			);
			path = Library;
			sourceTree = "<group>";
		};
		6C44E5922C72D56000344F81 /* Record */ = {
			isa = PBXGroup;
			children = (
				6C44E5972C72D5CE00344F81 /* View */,
				6C44E5962C72D5C900344F81 /* ViewModel */,
			);
			path = Record;
			sourceTree = "<group>";
		};
		6C44E5932C72D56D00344F81 /* Option */ = {
			isa = PBXGroup;
			children = (
				6C44E5992C72D5D600344F81 /* View */,
				6C44E5982C72D5D100344F81 /* ViewModel */,
			);
			path = Option;
			sourceTree = "<group>";
		};
		6C44E5942C72D5BD00344F81 /* ViewModel */ = {
			isa = PBXGroup;
			children = (
				6C44E59C2C72D62500344F81 /* LibraryViewViewModel.swift */,
			);
			path = ViewModel;
			sourceTree = "<group>";
		};
		6C44E5952C72D5C500344F81 /* View */ = {
			isa = PBXGroup;
			children = (
				6C44E59A2C72D60B00344F81 /* LibraryView.swift */,
			);
			path = View;
			sourceTree = "<group>";
		};
		6C44E5962C72D5C900344F81 /* ViewModel */ = {
			isa = PBXGroup;
			children = (
				6C44E5A02C72D65700344F81 /* RecordViewViewModel.swift */,
			);
			path = ViewModel;
			sourceTree = "<group>";
		};
		6C44E5972C72D5CE00344F81 /* View */ = {
			isa = PBXGroup;
			children = (
				6C44E59E2C72D64500344F81 /* RecordView.swift */,
			);
			path = View;
			sourceTree = "<group>";
		};
		6C44E5982C72D5D100344F81 /* ViewModel */ = {
			isa = PBXGroup;
			children = (
				6C44E5A42C72D67900344F81 /* OptionViewViewModel.swift */,
			);
			path = ViewModel;
			sourceTree = "<group>";
		};
		6C44E5992C72D5D600344F81 /* View */ = {
			isa = PBXGroup;
			children = (
				6C44E5A22C72D66800344F81 /* OptionView.swift */,
			);
			path = View;
			sourceTree = "<group>";
		};
		6C5675542C61AF1000FE03A3 /* Presentation */ = {
			isa = PBXGroup;
			children = (
				6CBAE6D32C65BBEE004956D1 /* Home */,
				6C44E5912C72D54900344F81 /* Library */,
				6C44E5922C72D56000344F81 /* Record */,
				6C44E5932C72D56D00344F81 /* Option */,
				6C5675582C61AF6C00FE03A3 /* Login */,
				6C5675552C61AF4800FE03A3 /* Main */,
			);
			path = Presentation;
			sourceTree = "<group>";
		};
		6C5675552C61AF4800FE03A3 /* Main */ = {
			isa = PBXGroup;
			children = (
				6C5675562C61AF5300FE03A3 /* View */,
				6C5675572C61AF5C00FE03A3 /* ViewModel */,
			);
			path = Main;
			sourceTree = "<group>";
		};
		6C5675562C61AF5300FE03A3 /* View */ = {
			isa = PBXGroup;
			children = (
				6CA08A752C5C650000840BDA /* MainView.swift */,
			);
			path = View;
			sourceTree = "<group>";
		};
		6C5675572C61AF5C00FE03A3 /* ViewModel */ = {
			isa = PBXGroup;
			children = (
				6CC4B6972C5C95240074934D /* MainViewViewModel.swift */,
			);
			path = ViewModel;
			sourceTree = "<group>";
		};
		6C5675582C61AF6C00FE03A3 /* Login */ = {
			isa = PBXGroup;
			children = (
				6C56755B2C61AF8B00FE03A3 /* SignUp */,
				6CBAE6D12C65BBC7004956D1 /* SearchEmail */,
				6CBAE6D22C65BBD4004956D1 /* SearchPassword */,
				6C5675592C61AF7600FE03A3 /* View */,
				6C56755A2C61AF7C00FE03A3 /* ViewModel */,
			);
			path = Login;
			sourceTree = "<group>";
		};
		6C5675592C61AF7600FE03A3 /* View */ = {
			isa = PBXGroup;
			children = (
				6CC4B6992C5C9DE70074934D /* LoginView.swift */,
			);
			path = View;
			sourceTree = "<group>";
		};
		6C56755A2C61AF7C00FE03A3 /* ViewModel */ = {
			isa = PBXGroup;
			children = (
				6CC4B69B2C5C9DF60074934D /* LoginViewViewModel.swift */,
			);
			name = ViewModel;
			sourceTree = "<group>";
		};
		6C56755B2C61AF8B00FE03A3 /* SignUp */ = {
			isa = PBXGroup;
			children = (
				6C56755C2C61AF9500FE03A3 /* View */,
				6C56755D2C61AF9900FE03A3 /* ViewModel */,
			);
			path = SignUp;
			sourceTree = "<group>";
		};
		6C56755C2C61AF9500FE03A3 /* View */ = {
			isa = PBXGroup;
			children = (
				6C1B76582C61B48B002253F7 /* EmailView.swift */,
				6C5A291B2C60891500E0B8BC /* NickNameView.swift */,
				6C1B765C2C61C529002253F7 /* TastePickerView.swift */,
				6C1F8BC62C6317C9009C317E /* SignUpCompleteView.swift */,
			);
			path = View;
			sourceTree = "<group>";
		};
		6C56755D2C61AF9900FE03A3 /* ViewModel */ = {
			isa = PBXGroup;
			children = (
				6C1B765A2C61B4FE002253F7 /* EmailViewViewModel.swift */,
				6C5A291D2C60892400E0B8BC /* NickNameViewViewModel.swift */,
				6C1B765E2C61C536002253F7 /* TastePickerViewViewModel.swift */,
				6C1F8BC82C6317D7009C317E /* SignUpCompleateViewViewModel.swift */,
			);
			path = ViewModel;
			sourceTree = "<group>";
		};
		6CA08A672C5C650000840BDA = {
			isa = PBXGroup;
			children = (
				6CA08A722C5C650000840BDA /* BookStoreStory */,
				6CA08A712C5C650000840BDA /* Products */,
			);
			sourceTree = "<group>";
		};
		6CA08A712C5C650000840BDA /* Products */ = {
			isa = PBXGroup;
			children = (
				6CA08A702C5C650000840BDA /* BookStoreStory.app */,
			);
			name = Products;
			sourceTree = "<group>";
		};
		6CA08A722C5C650000840BDA /* BookStoreStory */ = {
			isa = PBXGroup;
			children = (
				6CC4B6962C5C94BC0074934D /* Other */,
				6CC4B6952C5C75BD0074934D /* Resources */,
				6C1BC29B2C64975600880B0E /* Models */,
				6C5675542C61AF1000FE03A3 /* Presentation */,
				6CA08A792C5C650100840BDA /* Preview Content */,
			);
			path = BookStoreStory;
			sourceTree = "<group>";
		};
		6CA08A792C5C650100840BDA /* Preview Content */ = {
			isa = PBXGroup;
			children = (
				6CA08A7A2C5C650100840BDA /* Preview Assets.xcassets */,
			);
			path = "Preview Content";
			sourceTree = "<group>";
		};
		6CBAE6D12C65BBC7004956D1 /* SearchEmail */ = {
			isa = PBXGroup;
			children = (
				6CBAE6D52C65BC21004956D1 /* View */,
				6CBAE6D42C65BC02004956D1 /* ViewModel */,
			);
			path = SearchEmail;
			sourceTree = "<group>";
		};
		6CBAE6D22C65BBD4004956D1 /* SearchPassword */ = {
			isa = PBXGroup;
			children = (
				6CBAE6D72C65BC32004956D1 /* View */,
				6CBAE6D62C65BC2E004956D1 /* ViewModel */,
			);
			path = SearchPassword;
			sourceTree = "<group>";
		};
		6CBAE6D32C65BBEE004956D1 /* Home */ = {
			isa = PBXGroup;
			children = (
				6CBAE6D92C65BC3A004956D1 /* View */,
				6CBAE6D82C65BC36004956D1 /* ViewModel */,
			);
			path = Home;
			sourceTree = "<group>";
		};
		6CBAE6D42C65BC02004956D1 /* ViewModel */ = {
			isa = PBXGroup;
			children = (
			);
			path = ViewModel;
			sourceTree = "<group>";
		};
		6CBAE6D52C65BC21004956D1 /* View */ = {
			isa = PBXGroup;
			children = (
				6C6E15212C69AEDE00A7D82E /* SearchEmailView.swift */,
			);
			path = View;
			sourceTree = "<group>";
		};
		6CBAE6D62C65BC2E004956D1 /* ViewModel */ = {
			isa = PBXGroup;
			children = (
			);
			path = ViewModel;
			sourceTree = "<group>";
		};
		6CBAE6D72C65BC32004956D1 /* View */ = {
			isa = PBXGroup;
			children = (
				6C6E15232C69AEFA00A7D82E /* SearchPasswordView.swift */,
			);
			path = View;
			sourceTree = "<group>";
		};
		6CBAE6D82C65BC36004956D1 /* ViewModel */ = {
			isa = PBXGroup;
			children = (
				6C431FBA2C6E1586005538F4 /* HomeViewViewModel.swift */,
			);
			path = ViewModel;
			sourceTree = "<group>";
		};
		6CBAE6D92C65BC3A004956D1 /* View */ = {
			isa = PBXGroup;
			children = (
				6CBAE6DA2C65F162004956D1 /* HomeView.swift */,
			);
			path = View;
			sourceTree = "<group>";
		};
		6CC4B6952C5C75BD0074934D /* Resources */ = {
			isa = PBXGroup;
			children = (
				6CA08A772C5C650100840BDA /* Assets.xcassets */,
			);
			path = Resources;
			sourceTree = "<group>";
		};
		6CC4B6962C5C94BC0074934D /* Other */ = {
			isa = PBXGroup;
			children = (
				6C9E16E52C6AF25F00E65DDF /* GoogleService-Info.plist */,
				6CA08A732C5C650000840BDA /* BookStoreStoryApp.swift */,
				6C5A29202C60AC5900E0B8BC /* Extensions.swift */,
			);
			path = Other;
			sourceTree = "<group>";
		};
/* End PBXGroup section */

/* Begin PBXNativeTarget section */
		6CA08A6F2C5C650000840BDA /* BookStoreStory */ = {
			isa = PBXNativeTarget;
			buildConfigurationList = 6CA08A7E2C5C650100840BDA /* Build configuration list for PBXNativeTarget "BookStoreStory" */;
			buildPhases = (
				6CA08A6C2C5C650000840BDA /* Sources */,
				6CA08A6D2C5C650000840BDA /* Frameworks */,
				6CA08A6E2C5C650000840BDA /* Resources */,
			);
			buildRules = (
			);
			dependencies = (
			);
			name = BookStoreStory;
			packageProductDependencies = (
				6C9E16E82C6B1FCB00E65DDF /* FirebaseAuth */,
				6C9E16EA2C6B1FCB00E65DDF /* FirebaseFirestore */,
			);
			productName = BookStoreStory;
			productReference = 6CA08A702C5C650000840BDA /* BookStoreStory.app */;
			productType = "com.apple.product-type.application";
		};
/* End PBXNativeTarget section */

/* Begin PBXProject section */
		6CA08A682C5C650000840BDA /* Project object */ = {
			isa = PBXProject;
			attributes = {
				BuildIndependentTargetsInParallel = 1;
				LastSwiftUpdateCheck = 1540;
				LastUpgradeCheck = 1540;
				TargetAttributes = {
					6CA08A6F2C5C650000840BDA = {
						CreatedOnToolsVersion = 15.4;
					};
				};
			};
			buildConfigurationList = 6CA08A6B2C5C650000840BDA /* Build configuration list for PBXProject "BookStoreStory" */;
			compatibilityVersion = "Xcode 14.0";
			developmentRegion = en;
			hasScannedForEncodings = 0;
			knownRegions = (
				en,
				Base,
			);
			mainGroup = 6CA08A672C5C650000840BDA;
			packageReferences = (
				6C9E16E72C6B1FCB00E65DDF /* XCRemoteSwiftPackageReference "firebase-ios-sdk" */,
			);
			productRefGroup = 6CA08A712C5C650000840BDA /* Products */;
			projectDirPath = "";
			projectRoot = "";
			targets = (
				6CA08A6F2C5C650000840BDA /* BookStoreStory */,
			);
		};
/* End PBXProject section */

/* Begin PBXResourcesBuildPhase section */
		6CA08A6E2C5C650000840BDA /* Resources */ = {
			isa = PBXResourcesBuildPhase;
			buildActionMask = 2147483647;
			files = (
				6CA08A7B2C5C650100840BDA /* Preview Assets.xcassets in Resources */,
				6CA08A782C5C650100840BDA /* Assets.xcassets in Resources */,
				6C9E16E62C6AF25F00E65DDF /* GoogleService-Info.plist in Resources */,
			);
			runOnlyForDeploymentPostprocessing = 0;
		};
/* End PBXResourcesBuildPhase section */

/* Begin PBXSourcesBuildPhase section */
		6CA08A6C2C5C650000840BDA /* Sources */ = {
			isa = PBXSourcesBuildPhase;
			buildActionMask = 2147483647;
			files = (
				6C1F8BC92C6317D7009C317E /* SignUpCompleateViewViewModel.swift in Sources */,
				6C6E15222C69AEDE00A7D82E /* SearchEmailView.swift in Sources */,
				6CC4B69C2C5C9DF60074934D /* LoginViewViewModel.swift in Sources */,
				6C44E59F2C72D64500344F81 /* RecordView.swift in Sources */,
				6C6E15242C69AEFA00A7D82E /* SearchPasswordView.swift in Sources */,
				6CA08A762C5C650000840BDA /* MainView.swift in Sources */,
				6C1B765D2C61C529002253F7 /* TastePickerView.swift in Sources */,
				6C44E5A32C72D66800344F81 /* OptionView.swift in Sources */,
				6C1B76592C61B48B002253F7 /* EmailView.swift in Sources */,
				6CA08A742C5C650000840BDA /* BookStoreStoryApp.swift in Sources */,
				6C44E59B2C72D60B00344F81 /* LibraryView.swift in Sources */,
				6C5A29212C60AC5900E0B8BC /* Extensions.swift in Sources */,
				6CC4B69A2C5C9DE70074934D /* LoginView.swift in Sources */,
				6C1F8BC72C6317C9009C317E /* SignUpCompleteView.swift in Sources */,
				6C5A291C2C60891500E0B8BC /* NickNameView.swift in Sources */,
				6C5A291E2C60892400E0B8BC /* NickNameViewViewModel.swift in Sources */,
				6C44E5A52C72D67900344F81 /* OptionViewViewModel.swift in Sources */,
				6C44E5A12C72D65700344F81 /* RecordViewViewModel.swift in Sources */,
				6C1B765B2C61B4FE002253F7 /* EmailViewViewModel.swift in Sources */,
				6CC4B6982C5C95240074934D /* MainViewViewModel.swift in Sources */,
				6CBAE6DB2C65F162004956D1 /* HomeView.swift in Sources */,
				6C1BC29D2C64976C00880B0E /* User.swift in Sources */,
				6C1B765F2C61C536002253F7 /* TastePickerViewViewModel.swift in Sources */,
				6C431FBB2C6E1586005538F4 /* HomeViewViewModel.swift in Sources */,
				6C44E59D2C72D62500344F81 /* LibraryViewViewModel.swift in Sources */,
			);
			runOnlyForDeploymentPostprocessing = 0;
		};
/* End PBXSourcesBuildPhase section */

/* Begin XCBuildConfiguration section */
		6CA08A7C2C5C650100840BDA /* Debug */ = {
			isa = XCBuildConfiguration;
			buildSettings = {
				ALWAYS_SEARCH_USER_PATHS = NO;
				ASSETCATALOG_COMPILER_GENERATE_SWIFT_ASSET_SYMBOL_EXTENSIONS = YES;
				CLANG_ANALYZER_NONNULL = YES;
				CLANG_ANALYZER_NUMBER_OBJECT_CONVERSION = YES_AGGRESSIVE;
				CLANG_CXX_LANGUAGE_STANDARD = "gnu++20";
				CLANG_ENABLE_MODULES = YES;
				CLANG_ENABLE_OBJC_ARC = YES;
				CLANG_ENABLE_OBJC_WEAK = YES;
				CLANG_WARN_BLOCK_CAPTURE_AUTORELEASING = YES;
				CLANG_WARN_BOOL_CONVERSION = YES;
				CLANG_WARN_COMMA = YES;
				CLANG_WARN_CONSTANT_CONVERSION = YES;
				CLANG_WARN_DEPRECATED_OBJC_IMPLEMENTATIONS = YES;
				CLANG_WARN_DIRECT_OBJC_ISA_USAGE = YES_ERROR;
				CLANG_WARN_DOCUMENTATION_COMMENTS = YES;
				CLANG_WARN_EMPTY_BODY = YES;
				CLANG_WARN_ENUM_CONVERSION = YES;
				CLANG_WARN_INFINITE_RECURSION = YES;
				CLANG_WARN_INT_CONVERSION = YES;
				CLANG_WARN_NON_LITERAL_NULL_CONVERSION = YES;
				CLANG_WARN_OBJC_IMPLICIT_RETAIN_SELF = YES;
				CLANG_WARN_OBJC_LITERAL_CONVERSION = YES;
				CLANG_WARN_OBJC_ROOT_CLASS = YES_ERROR;
				CLANG_WARN_QUOTED_INCLUDE_IN_FRAMEWORK_HEADER = YES;
				CLANG_WARN_RANGE_LOOP_ANALYSIS = YES;
				CLANG_WARN_STRICT_PROTOTYPES = YES;
				CLANG_WARN_SUSPICIOUS_MOVE = YES;
				CLANG_WARN_UNGUARDED_AVAILABILITY = YES_AGGRESSIVE;
				CLANG_WARN_UNREACHABLE_CODE = YES;
				CLANG_WARN__DUPLICATE_METHOD_MATCH = YES;
				COPY_PHASE_STRIP = NO;
				DEBUG_INFORMATION_FORMAT = dwarf;
				ENABLE_STRICT_OBJC_MSGSEND = YES;
				ENABLE_TESTABILITY = YES;
				ENABLE_USER_SCRIPT_SANDBOXING = YES;
				GCC_C_LANGUAGE_STANDARD = gnu17;
				GCC_DYNAMIC_NO_PIC = NO;
				GCC_NO_COMMON_BLOCKS = YES;
				GCC_OPTIMIZATION_LEVEL = 0;
				GCC_PREPROCESSOR_DEFINITIONS = (
					"DEBUG=1",
					"$(inherited)",
				);
				GCC_WARN_64_TO_32_BIT_CONVERSION = YES;
				GCC_WARN_ABOUT_RETURN_TYPE = YES_ERROR;
				GCC_WARN_UNDECLARED_SELECTOR = YES;
				GCC_WARN_UNINITIALIZED_AUTOS = YES_AGGRESSIVE;
				GCC_WARN_UNUSED_FUNCTION = YES;
				GCC_WARN_UNUSED_VARIABLE = YES;
				IPHONEOS_DEPLOYMENT_TARGET = 17.5;
				LOCALIZATION_PREFERS_STRING_CATALOGS = YES;
				MTL_ENABLE_DEBUG_INFO = INCLUDE_SOURCE;
				MTL_FAST_MATH = YES;
				ONLY_ACTIVE_ARCH = YES;
				SDKROOT = iphoneos;
				SWIFT_ACTIVE_COMPILATION_CONDITIONS = "DEBUG $(inherited)";
				SWIFT_OPTIMIZATION_LEVEL = "-Onone";
			};
			name = Debug;
		};
		6CA08A7D2C5C650100840BDA /* Release */ = {
			isa = XCBuildConfiguration;
			buildSettings = {
				ALWAYS_SEARCH_USER_PATHS = NO;
				ASSETCATALOG_COMPILER_GENERATE_SWIFT_ASSET_SYMBOL_EXTENSIONS = YES;
				CLANG_ANALYZER_NONNULL = YES;
				CLANG_ANALYZER_NUMBER_OBJECT_CONVERSION = YES_AGGRESSIVE;
				CLANG_CXX_LANGUAGE_STANDARD = "gnu++20";
				CLANG_ENABLE_MODULES = YES;
				CLANG_ENABLE_OBJC_ARC = YES;
				CLANG_ENABLE_OBJC_WEAK = YES;
				CLANG_WARN_BLOCK_CAPTURE_AUTORELEASING = YES;
				CLANG_WARN_BOOL_CONVERSION = YES;
				CLANG_WARN_COMMA = YES;
				CLANG_WARN_CONSTANT_CONVERSION = YES;
				CLANG_WARN_DEPRECATED_OBJC_IMPLEMENTATIONS = YES;
				CLANG_WARN_DIRECT_OBJC_ISA_USAGE = YES_ERROR;
				CLANG_WARN_DOCUMENTATION_COMMENTS = YES;
				CLANG_WARN_EMPTY_BODY = YES;
				CLANG_WARN_ENUM_CONVERSION = YES;
				CLANG_WARN_INFINITE_RECURSION = YES;
				CLANG_WARN_INT_CONVERSION = YES;
				CLANG_WARN_NON_LITERAL_NULL_CONVERSION = YES;
				CLANG_WARN_OBJC_IMPLICIT_RETAIN_SELF = YES;
				CLANG_WARN_OBJC_LITERAL_CONVERSION = YES;
				CLANG_WARN_OBJC_ROOT_CLASS = YES_ERROR;
				CLANG_WARN_QUOTED_INCLUDE_IN_FRAMEWORK_HEADER = YES;
				CLANG_WARN_RANGE_LOOP_ANALYSIS = YES;
				CLANG_WARN_STRICT_PROTOTYPES = YES;
				CLANG_WARN_SUSPICIOUS_MOVE = YES;
				CLANG_WARN_UNGUARDED_AVAILABILITY = YES_AGGRESSIVE;
				CLANG_WARN_UNREACHABLE_CODE = YES;
				CLANG_WARN__DUPLICATE_METHOD_MATCH = YES;
				COPY_PHASE_STRIP = NO;
				DEBUG_INFORMATION_FORMAT = "dwarf-with-dsym";
				ENABLE_NS_ASSERTIONS = NO;
				ENABLE_STRICT_OBJC_MSGSEND = YES;
				ENABLE_USER_SCRIPT_SANDBOXING = YES;
				GCC_C_LANGUAGE_STANDARD = gnu17;
				GCC_NO_COMMON_BLOCKS = YES;
				GCC_WARN_64_TO_32_BIT_CONVERSION = YES;
				GCC_WARN_ABOUT_RETURN_TYPE = YES_ERROR;
				GCC_WARN_UNDECLARED_SELECTOR = YES;
				GCC_WARN_UNINITIALIZED_AUTOS = YES_AGGRESSIVE;
				GCC_WARN_UNUSED_FUNCTION = YES;
				GCC_WARN_UNUSED_VARIABLE = YES;
				IPHONEOS_DEPLOYMENT_TARGET = 17.5;
				LOCALIZATION_PREFERS_STRING_CATALOGS = YES;
				MTL_ENABLE_DEBUG_INFO = NO;
				MTL_FAST_MATH = YES;
				SDKROOT = iphoneos;
				SWIFT_COMPILATION_MODE = wholemodule;
				VALIDATE_PRODUCT = YES;
			};
			name = Release;
		};
		6CA08A7F2C5C650100840BDA /* Debug */ = {
			isa = XCBuildConfiguration;
			buildSettings = {
				ASSETCATALOG_COMPILER_APPICON_NAME = AppIcon;
				ASSETCATALOG_COMPILER_GLOBAL_ACCENT_COLOR_NAME = AccentColor;
				CODE_SIGN_STYLE = Automatic;
				CURRENT_PROJECT_VERSION = 1;
				DEVELOPMENT_ASSET_PATHS = "\"BookStoreStory/Preview Content\"";
				DEVELOPMENT_TEAM = 3RFJ9FQWHA;
				ENABLE_PREVIEWS = YES;
				GENERATE_INFOPLIST_FILE = YES;
				INFOPLIST_KEY_UIApplicationSceneManifest_Generation = YES;
				INFOPLIST_KEY_UIApplicationSupportsIndirectInputEvents = YES;
				INFOPLIST_KEY_UILaunchScreen_Generation = YES;
				INFOPLIST_KEY_UISupportedInterfaceOrientations_iPad = "UIInterfaceOrientationPortrait UIInterfaceOrientationPortraitUpsideDown UIInterfaceOrientationLandscapeLeft UIInterfaceOrientationLandscapeRight";
				INFOPLIST_KEY_UISupportedInterfaceOrientations_iPhone = "UIInterfaceOrientationPortrait UIInterfaceOrientationLandscapeLeft UIInterfaceOrientationLandscapeRight";
				LD_RUNPATH_SEARCH_PATHS = (
					"$(inherited)",
					"@executable_path/Frameworks",
				);
				MARKETING_VERSION = 1.0;
				PRODUCT_BUNDLE_IDENTIFIER = com.OneTen.BookStoreStory;
				PRODUCT_NAME = "$(TARGET_NAME)";
				SWIFT_EMIT_LOC_STRINGS = YES;
				SWIFT_VERSION = 5.0;
				TARGETED_DEVICE_FAMILY = "1,2";
			};
			name = Debug;
		};
		6CA08A802C5C650100840BDA /* Release */ = {
			isa = XCBuildConfiguration;
			buildSettings = {
				ASSETCATALOG_COMPILER_APPICON_NAME = AppIcon;
				ASSETCATALOG_COMPILER_GLOBAL_ACCENT_COLOR_NAME = AccentColor;
				CODE_SIGN_STYLE = Automatic;
				CURRENT_PROJECT_VERSION = 1;
				DEVELOPMENT_ASSET_PATHS = "\"BookStoreStory/Preview Content\"";
				DEVELOPMENT_TEAM = 3RFJ9FQWHA;
				ENABLE_PREVIEWS = YES;
				GENERATE_INFOPLIST_FILE = YES;
				INFOPLIST_KEY_UIApplicationSceneManifest_Generation = YES;
				INFOPLIST_KEY_UIApplicationSupportsIndirectInputEvents = YES;
				INFOPLIST_KEY_UILaunchScreen_Generation = YES;
				INFOPLIST_KEY_UISupportedInterfaceOrientations_iPad = "UIInterfaceOrientationPortrait UIInterfaceOrientationPortraitUpsideDown UIInterfaceOrientationLandscapeLeft UIInterfaceOrientationLandscapeRight";
				INFOPLIST_KEY_UISupportedInterfaceOrientations_iPhone = "UIInterfaceOrientationPortrait UIInterfaceOrientationLandscapeLeft UIInterfaceOrientationLandscapeRight";
				LD_RUNPATH_SEARCH_PATHS = (
					"$(inherited)",
					"@executable_path/Frameworks",
				);
				MARKETING_VERSION = 1.0;
				PRODUCT_BUNDLE_IDENTIFIER = com.OneTen.BookStoreStory;
				PRODUCT_NAME = "$(TARGET_NAME)";
				SWIFT_EMIT_LOC_STRINGS = YES;
				SWIFT_VERSION = 5.0;
				TARGETED_DEVICE_FAMILY = "1,2";
			};
			name = Release;
		};
/* End XCBuildConfiguration section */

/* Begin XCConfigurationList section */
		6CA08A6B2C5C650000840BDA /* Build configuration list for PBXProject "BookStoreStory" */ = {
			isa = XCConfigurationList;
			buildConfigurations = (
				6CA08A7C2C5C650100840BDA /* Debug */,
				6CA08A7D2C5C650100840BDA /* Release */,
			);
			defaultConfigurationIsVisible = 0;
			defaultConfigurationName = Release;
		};
		6CA08A7E2C5C650100840BDA /* Build configuration list for PBXNativeTarget "BookStoreStory" */ = {
			isa = XCConfigurationList;
			buildConfigurations = (
				6CA08A7F2C5C650100840BDA /* Debug */,
				6CA08A802C5C650100840BDA /* Release */,
			);
			defaultConfigurationIsVisible = 0;
			defaultConfigurationName = Release;
		};
/* End XCConfigurationList section */

/* Begin XCRemoteSwiftPackageReference section */
		6C9E16E72C6B1FCB00E65DDF /* XCRemoteSwiftPackageReference "firebase-ios-sdk" */ = {
			isa = XCRemoteSwiftPackageReference;
			repositoryURL = "https://github.com/firebase/firebase-ios-sdk.git";
			requirement = {
				kind = upToNextMajorVersion;
				minimumVersion = 11.0.0;
			};
		};
/* End XCRemoteSwiftPackageReference section */

/* Begin XCSwiftPackageProductDependency section */
		6C9E16E82C6B1FCB00E65DDF /* FirebaseAuth */ = {
			isa = XCSwiftPackageProductDependency;
			package = 6C9E16E72C6B1FCB00E65DDF /* XCRemoteSwiftPackageReference "firebase-ios-sdk" */;
			productName = FirebaseAuth;
		};
		6C9E16EA2C6B1FCB00E65DDF /* FirebaseFirestore */ = {
			isa = XCSwiftPackageProductDependency;
			package = 6C9E16E72C6B1FCB00E65DDF /* XCRemoteSwiftPackageReference "firebase-ios-sdk" */;
			productName = FirebaseFirestore;
		};
/* End XCSwiftPackageProductDependency section */
	};
	rootObject = 6CA08A682C5C650000840BDA /* Project object */;
}
